
Microsoft Visual Studio Solution File, Format Version 12.00
# Visual Studio 15
VisualStudioVersion = 15.0.28010.2050
MinimumVisualStudioVersion = 10.0.40219.1
Project("{8BC9CEB8-8B4A-11D0-8D11-00A0C91BC942}") = "LibraryManager", "LibraryManager\LibraryManager.vcxproj", "{C298C895-EAD3-4212-87C8-03A08EE053CC}"
EndProject
Global
	GlobalSection(SolutionConfigurationPlatforms) = preSolution
		Debug|x64 = Debug|x64
		Debug|x86 = Debug|x86
		Release|x64 = Release|x64
		Release|x86 = Release|x86
	EndGlobalSection
	GlobalSection(ProjectConfigurationPlatforms) = postSolution
		{C298C895-EAD3-4212-87C8-03A08EE053CC}.Debug|x64.ActiveCfg = Debug|x64
		{C298C895-EAD3-4212-87C8-03A08EE053CC}.Debug|x64.Build.0 = Debug|x64
		{C298C895-EAD3-4212-87C8-03A08EE053CC}.Debug|x86.ActiveCfg = Debug|Win32
		{C298C895-EAD3-4212-87C8-03A08EE053CC}.Debug|x86.Build.0 = Debug|Win32
		{C298C895-EAD3-4212-87C8-03A08EE053CC}.Release|x64.ActiveCfg = Release|x64
		{C298C895-EAD3-4212-87C8-03A08EE053CC}.Release|x64.Build.0 = Release|x64
		{C298C895-EAD3-4212-87C8-03A08EE053CC}.Release|x86.ActiveCfg = Release|Win32
		{C298C895-EAD3-4212-87C8-03A08EE053CC}.Release|x86.Build.0 = Release|Win32
	EndGlobalSection
	GlobalSection(SolutionProperties) = preSolution
		HideSolutionNode = FALSE
	EndGlobalSection
	GlobalSection(ExtensibilityGlobals) = postSolution
		SolutionGuid = {FEA9852E-581C-4076-A8D5-50CC31BFFB32}
	EndGlobalSection
EndGlobal
